
Microsoft Visual Studio Solution File, Format Version 12.00
# Visual Studio Version 17
VisualStudioVersion = 17.13.35825.156
MinimumVisualStudioVersion = 10.0.40219.1
Project("{FAE04EC0-301F-11D3-BF4B-00C04F79EFBC}") = "yeni MP3 Çalar", "yeni MP3 Çalar\yeni MP3 Çalar.csproj", "{7BD8BB4A-BEBE-48A5-8E41-FBE2542087E4}"
EndProject
Project("{54435603-DBB4-11D2-8724-00A0C9A8B90C}") = "MP3 Çalar", "MP3 Çalar\MP3 Çalar.vdproj", "{D7D14AAA-3CA6-A510-CDB7-4C78C2DF41B0}"
EndProject
Global
	GlobalSection(SolutionConfigurationPlatforms) = preSolution
		Debug|Any CPU = Debug|Any CPU
		Release|Any CPU = Release|Any CPU
	EndGlobalSection
	GlobalSection(ProjectConfigurationPlatforms) = postSolution
		{7BD8BB4A-BEBE-48A5-8E41-FBE2542087E4}.Debug|Any CPU.ActiveCfg = Debug|Any CPU
		{7BD8BB4A-BEBE-48A5-8E41-FBE2542087E4}.Debug|Any CPU.Build.0 = Debug|Any CPU
		{7BD8BB4A-BEBE-48A5-8E41-FBE2542087E4}.Release|Any CPU.ActiveCfg = Release|Any CPU
		{7BD8BB4A-BEBE-48A5-8E41-FBE2542087E4}.Release|Any CPU.Build.0 = Release|Any CPU
		{D7D14AAA-3CA6-A510-CDB7-4C78C2DF41B0}.Debug|Any CPU.ActiveCfg = Debug
		{D7D14AAA-3CA6-A510-CDB7-4C78C2DF41B0}.Release|Any CPU.ActiveCfg = Release
	EndGlobalSection
	GlobalSection(SolutionProperties) = preSolution
		HideSolutionNode = FALSE
	EndGlobalSection
	GlobalSection(ExtensibilityGlobals) = postSolution
		SolutionGuid = {4195D3DC-A685-4625-9BBD-1FC1887211AC}
	EndGlobalSection
EndGlobal
